{
  "name": "npm-test",
  "version": "1.0.0",
  "lockfileVersion": 1,
  "requires": true,
  "dependencies": {
    "woodw-npm-hello": {
      "version": "1.0.1",
      "resolved": "https://registry.npmjs.org/woodw-npm-hello/-/woodw-npm-hello-1.0.1.tgz",
      "integrity": "sha512-bzRl97k5IkqkiOo3AclXVaq9a51AtKtwr8aTR88ZfPFzDhJ9EQ2/qZC7wQ7jkrxH+SfL1z29nbkcNPCFYmbjFg=="
    }
  }
}
